[[package]]
name = "beautifultable"
version = "1.1.0"
description = "Print text tables for terminals"
category = "main"
optional = false
python-versions = "*"

[package.dependencies]
wcwidth = "*"

[package.extras]
all = ["pandas"]
dev = ["pandas"]

[[package]]
name = "wcwidth"
version = "0.2.5"
description = "Measures the displayed width of unicode strings in a terminal"
category = "main"
optional = false
python-versions = "*"

[metadata]
lock-version = "1.1"
python-versions = "^3.10"
content-hash = "ae75f777277e0520d87ef69e35557efa65b210ecc80c3043dcc9743b98f8eeca"

[metadata.files]
beautifultable = [
    {file = "beautifultable-1.1.0-py2.py3-none-any.whl", hash = "sha256:b34053a581976c4c23064bb0e918a7f6f22273cf196c787946db323a6a2b7d84"},
    {file = "beautifultable-1.1.0.tar.gz", hash = "sha256:040bc987444965678f4ffdfa2f17ac357f1a13e5875b161c9a1899b375319d17"},
]
wcwidth = [
    {file = "wcwidth-0.2.5-py2.py3-none-any.whl", hash = "sha256:beb4802a9cebb9144e99086eff703a642a13d6a0052920003a230f3294bbe784"},
    {file = "wcwidth-0.2.5.tar.gz", hash = "sha256:c4d647b99872929fdb7bdcaa4fbe7f01413ed3d98077df798530e5b04f116c83"},
]
